
Microsoft Visual Studio Solution File, Format Version 12.00
# Visual Studio Version 17
VisualStudioVersion = 17.11.35303.130
MinimumVisualStudioVersion = 10.0.40219.1
Project("{FAE04EC0-301F-11D3-BF4B-00C04F79EFBC}") = "MedTech", "MedTech\MedTech.csproj", "{F2F9EE5F-4D89-407C-A68A-C832D47B769B}"
EndProject
Project("{FAE04EC0-301F-11D3-BF4B-00C04F79EFBC}") = "MedTechTest", "MedTechTest\MedTechTest.csproj", "{C47CBABB-3833-4432-9E76-BCA759740F65}"
EndProject
Global
	GlobalSection(SolutionConfigurationPlatforms) = preSolution
		Debug|Any CPU = Debug|Any CPU
		Release|Any CPU = Release|Any CPU
	EndGlobalSection
	GlobalSection(ProjectConfigurationPlatforms) = postSolution
		{F2F9EE5F-4D89-407C-A68A-C832D47B769B}.Debug|Any CPU.ActiveCfg = Debug|Any CPU
		{F2F9EE5F-4D89-407C-A68A-C832D47B769B}.Debug|Any CPU.Build.0 = Debug|Any CPU
		{F2F9EE5F-4D89-407C-A68A-C832D47B769B}.Release|Any CPU.ActiveCfg = Release|Any CPU
		{F2F9EE5F-4D89-407C-A68A-C832D47B769B}.Release|Any CPU.Build.0 = Release|Any CPU
		{C47CBABB-3833-4432-9E76-BCA759740F65}.Debug|Any CPU.ActiveCfg = Debug|Any CPU
		{C47CBABB-3833-4432-9E76-BCA759740F65}.Debug|Any CPU.Build.0 = Debug|Any CPU
		{C47CBABB-3833-4432-9E76-BCA759740F65}.Release|Any CPU.ActiveCfg = Release|Any CPU
		{C47CBABB-3833-4432-9E76-BCA759740F65}.Release|Any CPU.Build.0 = Release|Any CPU
	EndGlobalSection
	GlobalSection(SolutionProperties) = preSolution
		HideSolutionNode = FALSE
	EndGlobalSection
	GlobalSection(ExtensibilityGlobals) = postSolution
		SolutionGuid = {CC44B4B9-3D1F-4B4C-8C6F-B985C17B9562}
	EndGlobalSection
EndGlobal
